// !$*UTF8*$!
{
	archiveVersion = 1;
	classes = {
	};
	objectVersion = 56;
	objects = {

/* Begin PBXBuildFile section */
		1B2F8B102948D4E600C9E281 /* ContentManager.swift in Sources */ = {isa = PBXBuildFile; fileRef = 1B2F8B0F2948D4E600C9E281 /* ContentManager.swift */; };
		1B2F8B122948E63900C9E281 /* UpdatingView.swift in Sources */ = {isa = PBXBuildFile; fileRef = 1B2F8B112948E63900C9E281 /* UpdatingView.swift */; };
		1B2F8B152948FBFF00C9E281 /* PageView.swift in Sources */ = {isa = PBXBuildFile; fileRef = 1B2F8B142948FBFF00C9E281 /* PageView.swift */; };
		1B2F8B18294B437700C9E281 /* MockApi.swift in Sources */ = {isa = PBXBuildFile; fileRef = 1B2F8B17294B437700C9E281 /* MockApi.swift */; };
		1B2F8B1A294B4E6300C9E281 /* MockPersistence.swift in Sources */ = {isa = PBXBuildFile; fileRef = 1B2F8B19294B4E6300C9E281 /* MockPersistence.swift */; };
		1B2F8B1C294B5DAD00C9E281 /* CDFlight+CoreDataClass.swift in Sources */ = {isa = PBXBuildFile; fileRef = 1B2F8B1B294B5DAD00C9E281 /* CDFlight+CoreDataClass.swift */; };
		1BAC31A529475063007AB2D7 /* KiwiApp.swift in Sources */ = {isa = PBXBuildFile; fileRef = 1BAC31A429475063007AB2D7 /* KiwiApp.swift */; };
		1BAC31A729475063007AB2D7 /* ContentView.swift in Sources */ = {isa = PBXBuildFile; fileRef = 1BAC31A629475063007AB2D7 /* ContentView.swift */; };
		1BAC31A929475065007AB2D7 /* Assets.xcassets in Resources */ = {isa = PBXBuildFile; fileRef = 1BAC31A829475065007AB2D7 /* Assets.xcassets */; };
		1BAC31AC29475065007AB2D7 /* Preview Assets.xcassets in Resources */ = {isa = PBXBuildFile; fileRef = 1BAC31AB29475065007AB2D7 /* Preview Assets.xcassets */; };
		1BAC31AE29475065007AB2D7 /* Persistence.swift in Sources */ = {isa = PBXBuildFile; fileRef = 1BAC31AD29475065007AB2D7 /* Persistence.swift */; };
		1BAC31B129475065007AB2D7 /* Kiwi.xcdatamodeld in Sources */ = {isa = PBXBuildFile; fileRef = 1BAC31AF29475065007AB2D7 /* Kiwi.xcdatamodeld */; };
		1BAC31BB29475065007AB2D7 /* ContentManagerTests.swift in Sources */ = {isa = PBXBuildFile; fileRef = 1BAC31BA29475065007AB2D7 /* ContentManagerTests.swift */; };
		1BAC31D52947516A007AB2D7 /* Flight.swift in Sources */ = {isa = PBXBuildFile; fileRef = 1BAC31D42947516A007AB2D7 /* Flight.swift */; };
		1BAC31D7294758A2007AB2D7 /* API.swift in Sources */ = {isa = PBXBuildFile; fileRef = 1BAC31D6294758A2007AB2D7 /* API.swift */; };
		1BAC31E32948ABCE007AB2D7 /* CDFlight+CoreDataProperties.swift in Sources */ = {isa = PBXBuildFile; fileRef = 1BAC31E12948ABCE007AB2D7 /* CDFlight+CoreDataProperties.swift */; };
/* End PBXBuildFile section */

/* Begin PBXContainerItemProxy section */
		1BAC31B729475065007AB2D7 /* PBXContainerItemProxy */ = {
			isa = PBXContainerItemProxy;
			containerPortal = 1BAC319929475063007AB2D7 /* Project object */;
			proxyType = 1;
			remoteGlobalIDString = 1BAC31A029475063007AB2D7;
			remoteInfo = Kiwi;
		};
/* End PBXContainerItemProxy section */

/* Begin PBXFileReference section */
		1B2F8B0F2948D4E600C9E281 /* ContentManager.swift */ = {isa = PBXFileReference; lastKnownFileType = sourcecode.swift; path = ContentManager.swift; sourceTree = "<group>"; };
		1B2F8B112948E63900C9E281 /* UpdatingView.swift */ = {isa = PBXFileReference; lastKnownFileType = sourcecode.swift; path = UpdatingView.swift; sourceTree = "<group>"; };
		1B2F8B142948FBFF00C9E281 /* PageView.swift */ = {isa = PBXFileReference; lastKnownFileType = sourcecode.swift; path = PageView.swift; sourceTree = "<group>"; };
		1B2F8B17294B437700C9E281 /* MockApi.swift */ = {isa = PBXFileReference; lastKnownFileType = sourcecode.swift; path = MockApi.swift; sourceTree = "<group>"; };
		1B2F8B19294B4E6300C9E281 /* MockPersistence.swift */ = {isa = PBXFileReference; lastKnownFileType = sourcecode.swift; path = MockPersistence.swift; sourceTree = "<group>"; };
		1B2F8B1B294B5DAD00C9E281 /* CDFlight+CoreDataClass.swift */ = {isa = PBXFileReference; fileEncoding = 4; lastKnownFileType = sourcecode.swift; path = "CDFlight+CoreDataClass.swift"; sourceTree = "<group>"; };
		1BAC31A129475063007AB2D7 /* Kiwi.app */ = {isa = PBXFileReference; explicitFileType = wrapper.application; includeInIndex = 0; path = Kiwi.app; sourceTree = BUILT_PRODUCTS_DIR; };
		1BAC31A429475063007AB2D7 /* KiwiApp.swift */ = {isa = PBXFileReference; lastKnownFileType = sourcecode.swift; path = KiwiApp.swift; sourceTree = "<group>"; };
		1BAC31A629475063007AB2D7 /* ContentView.swift */ = {isa = PBXFileReference; lastKnownFileType = sourcecode.swift; path = ContentView.swift; sourceTree = "<group>"; };
		1BAC31A829475065007AB2D7 /* Assets.xcassets */ = {isa = PBXFileReference; lastKnownFileType = folder.assetcatalog; path = Assets.xcassets; sourceTree = "<group>"; };
		1BAC31AB29475065007AB2D7 /* Preview Assets.xcassets */ = {isa = PBXFileReference; lastKnownFileType = folder.assetcatalog; path = "Preview Assets.xcassets"; sourceTree = "<group>"; };
		1BAC31AD29475065007AB2D7 /* Persistence.swift */ = {isa = PBXFileReference; lastKnownFileType = sourcecode.swift; path = Persistence.swift; sourceTree = "<group>"; };
		1BAC31B029475065007AB2D7 /* Kiwi.xcdatamodel */ = {isa = PBXFileReference; lastKnownFileType = wrapper.xcdatamodel; path = Kiwi.xcdatamodel; sourceTree = "<group>"; };
		1BAC31B629475065007AB2D7 /* KiwiTests.xctest */ = {isa = PBXFileReference; explicitFileType = wrapper.cfbundle; includeInIndex = 0; path = KiwiTests.xctest; sourceTree = BUILT_PRODUCTS_DIR; };
		1BAC31BA29475065007AB2D7 /* ContentManagerTests.swift */ = {isa = PBXFileReference; lastKnownFileType = sourcecode.swift; path = ContentManagerTests.swift; sourceTree = "<group>"; };
		1BAC31D42947516A007AB2D7 /* Flight.swift */ = {isa = PBXFileReference; lastKnownFileType = sourcecode.swift; path = Flight.swift; sourceTree = "<group>"; };
		1BAC31D6294758A2007AB2D7 /* API.swift */ = {isa = PBXFileReference; lastKnownFileType = sourcecode.swift; path = API.swift; sourceTree = "<group>"; };
		1BAC31E12948ABCE007AB2D7 /* CDFlight+CoreDataProperties.swift */ = {isa = PBXFileReference; lastKnownFileType = sourcecode.swift; path = "CDFlight+CoreDataProperties.swift"; sourceTree = "<group>"; };
/* End PBXFileReference section */

/* Begin PBXFrameworksBuildPhase section */
		1BAC319E29475063007AB2D7 /* Frameworks */ = {
			isa = PBXFrameworksBuildPhase;
			buildActionMask = 2147483647;
			files = (
			);
			runOnlyForDeploymentPostprocessing = 0;
		};
		1BAC31B329475065007AB2D7 /* Frameworks */ = {
			isa = PBXFrameworksBuildPhase;
			buildActionMask = 2147483647;
			files = (
			);
			runOnlyForDeploymentPostprocessing = 0;
		};
/* End PBXFrameworksBuildPhase section */

/* Begin PBXGroup section */
		1B2F8B132948FBCF00C9E281 /* Views */ = {
			isa = PBXGroup;
			children = (
				1BAC31A629475063007AB2D7 /* ContentView.swift */,
				1B2F8B112948E63900C9E281 /* UpdatingView.swift */,
				1B2F8B142948FBFF00C9E281 /* PageView.swift */,
			);
			path = Views;
			sourceTree = "<group>";
		};
		1B2F8B16294B433500C9E281 /* Mock */ = {
			isa = PBXGroup;
			children = (
				1B2F8B17294B437700C9E281 /* MockApi.swift */,
				1B2F8B19294B4E6300C9E281 /* MockPersistence.swift */,
			);
			path = Mock;
			sourceTree = "<group>";
		};
		1BAC319829475063007AB2D7 = {
			isa = PBXGroup;
			children = (
				1BAC31A329475063007AB2D7 /* Kiwi */,
				1BAC31B929475065007AB2D7 /* KiwiTests */,
				1BAC31A229475063007AB2D7 /* Products */,
			);
			sourceTree = "<group>";
		};
		1BAC31A229475063007AB2D7 /* Products */ = {
			isa = PBXGroup;
			children = (
				1BAC31A129475063007AB2D7 /* Kiwi.app */,
				1BAC31B629475065007AB2D7 /* KiwiTests.xctest */,
			);
			name = Products;
			sourceTree = "<group>";
		};
		1BAC31A329475063007AB2D7 /* Kiwi */ = {
			isa = PBXGroup;
			children = (
				1B2F8B132948FBCF00C9E281 /* Views */,
				1BAC31D329475145007AB2D7 /* Models */,
				1BAC31A429475063007AB2D7 /* KiwiApp.swift */,
				1B2F8B0F2948D4E600C9E281 /* ContentManager.swift */,
				1BAC31AD29475065007AB2D7 /* Persistence.swift */,
				1BAC31D6294758A2007AB2D7 /* API.swift */,
				1BAC31A829475065007AB2D7 /* Assets.xcassets */,
				1BAC31AF29475065007AB2D7 /* Kiwi.xcdatamodeld */,
				1BAC31AA29475065007AB2D7 /* Preview Content */,
			);
			path = Kiwi;
			sourceTree = "<group>";
		};
		1BAC31AA29475065007AB2D7 /* Preview Content */ = {
			isa = PBXGroup;
			children = (
				1BAC31AB29475065007AB2D7 /* Preview Assets.xcassets */,
			);
			path = "Preview Content";
			sourceTree = "<group>";
		};
		1BAC31B929475065007AB2D7 /* KiwiTests */ = {
			isa = PBXGroup;
			children = (
				1B2F8B16294B433500C9E281 /* Mock */,
				1BAC31BA29475065007AB2D7 /* ContentManagerTests.swift */,
			);
			path = KiwiTests;
			sourceTree = "<group>";
		};
		1BAC31D329475145007AB2D7 /* Models */ = {
			isa = PBXGroup;
			children = (
				1BAC31D42947516A007AB2D7 /* Flight.swift */,
				1B2F8B1B294B5DAD00C9E281 /* CDFlight+CoreDataClass.swift */,
				1BAC31E12948ABCE007AB2D7 /* CDFlight+CoreDataProperties.swift */,
			);
			path = Models;
			sourceTree = "<group>";
		};
/* End PBXGroup section */

/* Begin PBXNativeTarget section */
		1BAC31A029475063007AB2D7 /* Kiwi */ = {
			isa = PBXNativeTarget;
			buildConfigurationList = 1BAC31CA29475065007AB2D7 /* Build configuration list for PBXNativeTarget "Kiwi" */;
			buildPhases = (
				1BAC319D29475063007AB2D7 /* Sources */,
				1BAC319E29475063007AB2D7 /* Frameworks */,
				1BAC319F29475063007AB2D7 /* Resources */,
			);
			buildRules = (
			);
			dependencies = (
			);
			name = Kiwi;
			productName = Kiwi;
			productReference = 1BAC31A129475063007AB2D7 /* Kiwi.app */;
			productType = "com.apple.product-type.application";
		};
		1BAC31B529475065007AB2D7 /* KiwiTests */ = {
			isa = PBXNativeTarget;
			buildConfigurationList = 1BAC31CD29475065007AB2D7 /* Build configuration list for PBXNativeTarget "KiwiTests" */;
			buildPhases = (
				1BAC31B229475065007AB2D7 /* Sources */,
				1BAC31B329475065007AB2D7 /* Frameworks */,
				1BAC31B429475065007AB2D7 /* Resources */,
			);
			buildRules = (
			);
			dependencies = (
				1BAC31B829475065007AB2D7 /* PBXTargetDependency */,
			);
			name = KiwiTests;
			productName = KiwiTests;
			productReference = 1BAC31B629475065007AB2D7 /* KiwiTests.xctest */;
			productType = "com.apple.product-type.bundle.unit-test";
		};
/* End PBXNativeTarget section */

/* Begin PBXProject section */
		1BAC319929475063007AB2D7 /* Project object */ = {
			isa = PBXProject;
			attributes = {
				BuildIndependentTargetsInParallel = 1;
				LastSwiftUpdateCheck = 1410;
				LastUpgradeCheck = 1410;
				TargetAttributes = {
					1BAC31A029475063007AB2D7 = {
						CreatedOnToolsVersion = 14.1;
					};
					1BAC31B529475065007AB2D7 = {
						CreatedOnToolsVersion = 14.1;
						TestTargetID = 1BAC31A029475063007AB2D7;
					};
				};
			};
			buildConfigurationList = 1BAC319C29475063007AB2D7 /* Build configuration list for PBXProject "Kiwi" */;
			compatibilityVersion = "Xcode 14.0";
			developmentRegion = en;
			hasScannedForEncodings = 0;
			knownRegions = (
				en,
				Base,
			);
			mainGroup = 1BAC319829475063007AB2D7;
			productRefGroup = 1BAC31A229475063007AB2D7 /* Products */;
			projectDirPath = "";
			projectRoot = "";
			targets = (
				1BAC31A029475063007AB2D7 /* Kiwi */,
				1BAC31B529475065007AB2D7 /* KiwiTests */,
			);
		};
/* End PBXProject section */

/* Begin PBXResourcesBuildPhase section */
		1BAC319F29475063007AB2D7 /* Resources */ = {
			isa = PBXResourcesBuildPhase;
			buildActionMask = 2147483647;
			files = (
				1BAC31AC29475065007AB2D7 /* Preview Assets.xcassets in Resources */,
				1BAC31A929475065007AB2D7 /* Assets.xcassets in Resources */,
			);
			runOnlyForDeploymentPostprocessing = 0;
		};
		1BAC31B429475065007AB2D7 /* Resources */ = {
			isa = PBXResourcesBuildPhase;
			buildActionMask = 2147483647;
			files = (
			);
			runOnlyForDeploymentPostprocessing = 0;
		};
/* End PBXResourcesBuildPhase section */

/* Begin PBXSourcesBuildPhase section */
		1BAC319D29475063007AB2D7 /* Sources */ = {
			isa = PBXSourcesBuildPhase;
			buildActionMask = 2147483647;
			files = (
				1BAC31AE29475065007AB2D7 /* Persistence.swift in Sources */,
				1BAC31B129475065007AB2D7 /* Kiwi.xcdatamodeld in Sources */,
				1B2F8B1C294B5DAD00C9E281 /* CDFlight+CoreDataClass.swift in Sources */,
				1BAC31A729475063007AB2D7 /* ContentView.swift in Sources */,
				1BAC31E32948ABCE007AB2D7 /* CDFlight+CoreDataProperties.swift in Sources */,
				1BAC31D52947516A007AB2D7 /* Flight.swift in Sources */,
				1B2F8B122948E63900C9E281 /* UpdatingView.swift in Sources */,
				1BAC31D7294758A2007AB2D7 /* API.swift in Sources */,
				1B2F8B152948FBFF00C9E281 /* PageView.swift in Sources */,
				1B2F8B102948D4E600C9E281 /* ContentManager.swift in Sources */,
				1BAC31A529475063007AB2D7 /* KiwiApp.swift in Sources */,
			);
			runOnlyForDeploymentPostprocessing = 0;
		};
		1BAC31B229475065007AB2D7 /* Sources */ = {
			isa = PBXSourcesBuildPhase;
			buildActionMask = 2147483647;
			files = (
				1B2F8B18294B437700C9E281 /* MockApi.swift in Sources */,
				1B2F8B1A294B4E6300C9E281 /* MockPersistence.swift in Sources */,
				1BAC31BB29475065007AB2D7 /* ContentManagerTests.swift in Sources */,
			);
			runOnlyForDeploymentPostprocessing = 0;
		};
/* End PBXSourcesBuildPhase section */

/* Begin PBXTargetDependency section */
		1BAC31B829475065007AB2D7 /* PBXTargetDependency */ = {
			isa = PBXTargetDependency;
			target = 1BAC31A029475063007AB2D7 /* Kiwi */;
			targetProxy = 1BAC31B729475065007AB2D7 /* PBXContainerItemProxy */;
		};
/* End PBXTargetDependency section */

/* Begin XCBuildConfiguration section */
		1BAC31C829475065007AB2D7 /* Debug */ = {
			isa = XCBuildConfiguration;
			buildSettings = {
				ALWAYS_SEARCH_USER_PATHS = NO;
				CLANG_ANALYZER_NONNULL = YES;
				CLANG_ANALYZER_NUMBER_OBJECT_CONVERSION = YES_AGGRESSIVE;
				CLANG_CXX_LANGUAGE_STANDARD = "gnu++20";
				CLANG_ENABLE_MODULES = YES;
				CLANG_ENABLE_OBJC_ARC = YES;
				CLANG_ENABLE_OBJC_WEAK = YES;
				CLANG_WARN_BLOCK_CAPTURE_AUTORELEASING = YES;
				CLANG_WARN_BOOL_CONVERSION = YES;
				CLANG_WARN_COMMA = YES;
				CLANG_WARN_CONSTANT_CONVERSION = YES;
				CLANG_WARN_DEPRECATED_OBJC_IMPLEMENTATIONS = YES;
				CLANG_WARN_DIRECT_OBJC_ISA_USAGE = YES_ERROR;
				CLANG_WARN_DOCUMENTATION_COMMENTS = YES;
				CLANG_WARN_EMPTY_BODY = YES;
				CLANG_WARN_ENUM_CONVERSION = YES;
				CLANG_WARN_INFINITE_RECURSION = YES;
				CLANG_WARN_INT_CONVERSION = YES;
				CLANG_WARN_NON_LITERAL_NULL_CONVERSION = YES;
				CLANG_WARN_OBJC_IMPLICIT_RETAIN_SELF = YES;
				CLANG_WARN_OBJC_LITERAL_CONVERSION = YES;
				CLANG_WARN_OBJC_ROOT_CLASS = YES_ERROR;
				CLANG_WARN_QUOTED_INCLUDE_IN_FRAMEWORK_HEADER = YES;
				CLANG_WARN_RANGE_LOOP_ANALYSIS = YES;
				CLANG_WARN_STRICT_PROTOTYPES = YES;
				CLANG_WARN_SUSPICIOUS_MOVE = YES;
				CLANG_WARN_UNGUARDED_AVAILABILITY = YES_AGGRESSIVE;
				CLANG_WARN_UNREACHABLE_CODE = YES;
				CLANG_WARN__DUPLICATE_METHOD_MATCH = YES;
				COPY_PHASE_STRIP = NO;
				DEBUG_INFORMATION_FORMAT = dwarf;
				ENABLE_STRICT_OBJC_MSGSEND = YES;
				ENABLE_TESTABILITY = YES;
				GCC_C_LANGUAGE_STANDARD = gnu11;
				GCC_DYNAMIC_NO_PIC = NO;
				GCC_NO_COMMON_BLOCKS = YES;
				GCC_OPTIMIZATION_LEVEL = 0;
				GCC_PREPROCESSOR_DEFINITIONS = (
					"DEBUG=1",
					"$(inherited)",
				);
				GCC_WARN_64_TO_32_BIT_CONVERSION = YES;
				GCC_WARN_ABOUT_RETURN_TYPE = YES_ERROR;
				GCC_WARN_UNDECLARED_SELECTOR = YES;
				GCC_WARN_UNINITIALIZED_AUTOS = YES_AGGRESSIVE;
				GCC_WARN_UNUSED_FUNCTION = YES;
				GCC_WARN_UNUSED_VARIABLE = YES;
				IPHONEOS_DEPLOYMENT_TARGET = 16.1;
				MTL_ENABLE_DEBUG_INFO = INCLUDE_SOURCE;
				MTL_FAST_MATH = YES;
				ONLY_ACTIVE_ARCH = YES;
				SDKROOT = iphoneos;
				SWIFT_ACTIVE_COMPILATION_CONDITIONS = DEBUG;
				SWIFT_OPTIMIZATION_LEVEL = "-Onone";
			};
			name = Debug;
		};
		1BAC31C929475065007AB2D7 /* Release */ = {
			isa = XCBuildConfiguration;
			buildSettings = {
				ALWAYS_SEARCH_USER_PATHS = NO;
				CLANG_ANALYZER_NONNULL = YES;
				CLANG_ANALYZER_NUMBER_OBJECT_CONVERSION = YES_AGGRESSIVE;
				CLANG_CXX_LANGUAGE_STANDARD = "gnu++20";
				CLANG_ENABLE_MODULES = YES;
				CLANG_ENABLE_OBJC_ARC = YES;
				CLANG_ENABLE_OBJC_WEAK = YES;
				CLANG_WARN_BLOCK_CAPTURE_AUTORELEASING = YES;
				CLANG_WARN_BOOL_CONVERSION = YES;
				CLANG_WARN_COMMA = YES;
				CLANG_WARN_CONSTANT_CONVERSION = YES;
				CLANG_WARN_DEPRECATED_OBJC_IMPLEMENTATIONS = YES;
				CLANG_WARN_DIRECT_OBJC_ISA_USAGE = YES_ERROR;
				CLANG_WARN_DOCUMENTATION_COMMENTS = YES;
				CLANG_WARN_EMPTY_BODY = YES;
				CLANG_WARN_ENUM_CONVERSION = YES;
				CLANG_WARN_INFINITE_RECURSION = YES;
				CLANG_WARN_INT_CONVERSION = YES;
				CLANG_WARN_NON_LITERAL_NULL_CONVERSION = YES;
				CLANG_WARN_OBJC_IMPLICIT_RETAIN_SELF = YES;
				CLANG_WARN_OBJC_LITERAL_CONVERSION = YES;
				CLANG_WARN_OBJC_ROOT_CLASS = YES_ERROR;
				CLANG_WARN_QUOTED_INCLUDE_IN_FRAMEWORK_HEADER = YES;
				CLANG_WARN_RANGE_LOOP_ANALYSIS = YES;
				CLANG_WARN_STRICT_PROTOTYPES = YES;
				CLANG_WARN_SUSPICIOUS_MOVE = YES;
				CLANG_WARN_UNGUARDED_AVAILABILITY = YES_AGGRESSIVE;
				CLANG_WARN_UNREACHABLE_CODE = YES;
				CLANG_WARN__DUPLICATE_METHOD_MATCH = YES;
				COPY_PHASE_STRIP = NO;
				DEBUG_INFORMATION_FORMAT = "dwarf-with-dsym";
				ENABLE_NS_ASSERTIONS = NO;
				ENABLE_STRICT_OBJC_MSGSEND = YES;
				GCC_C_LANGUAGE_STANDARD = gnu11;
				GCC_NO_COMMON_BLOCKS = YES;
				GCC_WARN_64_TO_32_BIT_CONVERSION = YES;
				GCC_WARN_ABOUT_RETURN_TYPE = YES_ERROR;
				GCC_WARN_UNDECLARED_SELECTOR = YES;
				GCC_WARN_UNINITIALIZED_AUTOS = YES_AGGRESSIVE;
				GCC_WARN_UNUSED_FUNCTION = YES;
				GCC_WARN_UNUSED_VARIABLE = YES;
				IPHONEOS_DEPLOYMENT_TARGET = 16.1;
				MTL_ENABLE_DEBUG_INFO = NO;
				MTL_FAST_MATH = YES;
				SDKROOT = iphoneos;
				SWIFT_COMPILATION_MODE = wholemodule;
				SWIFT_OPTIMIZATION_LEVEL = "-O";
				VALIDATE_PRODUCT = YES;
			};
			name = Release;
		};
		1BAC31CB29475065007AB2D7 /* Debug */ = {
			isa = XCBuildConfiguration;
			buildSettings = {
				ASSETCATALOG_COMPILER_APPICON_NAME = AppIcon;
				ASSETCATALOG_COMPILER_GLOBAL_ACCENT_COLOR_NAME = AccentColor;
				CODE_SIGN_STYLE = Automatic;
				CURRENT_PROJECT_VERSION = 1;
				DEVELOPMENT_ASSET_PATHS = "\"Kiwi/Preview Content\"";
				DEVELOPMENT_TEAM = VG2T28893A;
				ENABLE_PREVIEWS = YES;
				GENERATE_INFOPLIST_FILE = YES;
				INFOPLIST_KEY_UIApplicationSceneManifest_Generation = YES;
				INFOPLIST_KEY_UIApplicationSupportsIndirectInputEvents = YES;
				INFOPLIST_KEY_UILaunchScreen_Generation = YES;
				INFOPLIST_KEY_UISupportedInterfaceOrientations_iPad = "UIInterfaceOrientationPortrait UIInterfaceOrientationPortraitUpsideDown UIInterfaceOrientationLandscapeLeft UIInterfaceOrientationLandscapeRight";
				INFOPLIST_KEY_UISupportedInterfaceOrientations_iPhone = "UIInterfaceOrientationPortrait UIInterfaceOrientationLandscapeLeft UIInterfaceOrientationLandscapeRight";
				LD_RUNPATH_SEARCH_PATHS = (
					"$(inherited)",
					"@executable_path/Frameworks",
				);
				MARKETING_VERSION = 1.0;
				PRODUCT_BUNDLE_IDENTIFIER = "-nets.com.Kiwi";
				PRODUCT_NAME = "$(TARGET_NAME)";
				SWIFT_EMIT_LOC_STRINGS = YES;
				SWIFT_VERSION = 5.0;
				TARGETED_DEVICE_FAMILY = "1,2";
			};
			name = Debug;
		};
		1BAC31CC29475065007AB2D7 /* Release */ = {
			isa = XCBuildConfiguration;
			buildSettings = {
				ASSETCATALOG_COMPILER_APPICON_NAME = AppIcon;
				ASSETCATALOG_COMPILER_GLOBAL_ACCENT_COLOR_NAME = AccentColor;
				CODE_SIGN_STYLE = Automatic;
				CURRENT_PROJECT_VERSION = 1;
				DEVELOPMENT_ASSET_PATHS = "\"Kiwi/Preview Content\"";
				DEVELOPMENT_TEAM = VG2T28893A;
				ENABLE_PREVIEWS = YES;
				GENERATE_INFOPLIST_FILE = YES;
				INFOPLIST_KEY_UIApplicationSceneManifest_Generation = YES;
				INFOPLIST_KEY_UIApplicationSupportsIndirectInputEvents = YES;
				INFOPLIST_KEY_UILaunchScreen_Generation = YES;
				INFOPLIST_KEY_UISupportedInterfaceOrientations_iPad = "UIInterfaceOrientationPortrait UIInterfaceOrientationPortraitUpsideDown UIInterfaceOrientationLandscapeLeft UIInterfaceOrientationLandscapeRight";
				INFOPLIST_KEY_UISupportedInterfaceOrientations_iPhone = "UIInterfaceOrientationPortrait UIInterfaceOrientationLandscapeLeft UIInterfaceOrientationLandscapeRight";
				LD_RUNPATH_SEARCH_PATHS = (
					"$(inherited)",
					"@executable_path/Frameworks",
				);
				MARKETING_VERSION = 1.0;
				PRODUCT_BUNDLE_IDENTIFIER = "-nets.com.Kiwi";
				PRODUCT_NAME = "$(TARGET_NAME)";
				SWIFT_EMIT_LOC_STRINGS = YES;
				SWIFT_VERSION = 5.0;
				TARGETED_DEVICE_FAMILY = "1,2";
			};
			name = Release;
		};
		1BAC31CE29475065007AB2D7 /* Debug */ = {
			isa = XCBuildConfiguration;
			buildSettings = {
				ALWAYS_EMBED_SWIFT_STANDARD_LIBRARIES = YES;
				BUNDLE_LOADER = "$(TEST_HOST)";
				CODE_SIGN_STYLE = Automatic;
				CURRENT_PROJECT_VERSION = 1;
				DEVELOPMENT_TEAM = VG2T28893A;
				GENERATE_INFOPLIST_FILE = YES;
				IPHONEOS_DEPLOYMENT_TARGET = 16.1;
				MARKETING_VERSION = 1.0;
				PRODUCT_BUNDLE_IDENTIFIER = "-nets.com.KiwiTests";
				PRODUCT_NAME = "$(TARGET_NAME)";
				SWIFT_EMIT_LOC_STRINGS = NO;
				SWIFT_VERSION = 5.0;
				TARGETED_DEVICE_FAMILY = "1,2";
				TEST_HOST = "$(BUILT_PRODUCTS_DIR)/Kiwi.app/$(BUNDLE_EXECUTABLE_FOLDER_PATH)/Kiwi";
			};
			name = Debug;
		};
		1BAC31CF29475065007AB2D7 /* Release */ = {
			isa = XCBuildConfiguration;
			buildSettings = {
				ALWAYS_EMBED_SWIFT_STANDARD_LIBRARIES = YES;
				BUNDLE_LOADER = "$(TEST_HOST)";
				CODE_SIGN_STYLE = Automatic;
				CURRENT_PROJECT_VERSION = 1;
				DEVELOPMENT_TEAM = VG2T28893A;
				GENERATE_INFOPLIST_FILE = YES;
				IPHONEOS_DEPLOYMENT_TARGET = 16.1;
				MARKETING_VERSION = 1.0;
				PRODUCT_BUNDLE_IDENTIFIER = "-nets.com.KiwiTests";
				PRODUCT_NAME = "$(TARGET_NAME)";
				SWIFT_EMIT_LOC_STRINGS = NO;
				SWIFT_VERSION = 5.0;
				TARGETED_DEVICE_FAMILY = "1,2";
				TEST_HOST = "$(BUILT_PRODUCTS_DIR)/Kiwi.app/$(BUNDLE_EXECUTABLE_FOLDER_PATH)/Kiwi";
			};
			name = Release;
		};
/* End XCBuildConfiguration section */

/* Begin XCConfigurationList section */
		1BAC319C29475063007AB2D7 /* Build configuration list for PBXProject "Kiwi" */ = {
			isa = XCConfigurationList;
			buildConfigurations = (
				1BAC31C829475065007AB2D7 /* Debug */,
				1BAC31C929475065007AB2D7 /* Release */,
			);
			defaultConfigurationIsVisible = 0;
			defaultConfigurationName = Release;
		};
		1BAC31CA29475065007AB2D7 /* Build configuration list for PBXNativeTarget "Kiwi" */ = {
			isa = XCConfigurationList;
			buildConfigurations = (
				1BAC31CB29475065007AB2D7 /* Debug */,
				1BAC31CC29475065007AB2D7 /* Release */,
			);
			defaultConfigurationIsVisible = 0;
			defaultConfigurationName = Release;
		};
		1BAC31CD29475065007AB2D7 /* Build configuration list for PBXNativeTarget "KiwiTests" */ = {
			isa = XCConfigurationList;
			buildConfigurations = (
				1BAC31CE29475065007AB2D7 /* Debug */,
				1BAC31CF29475065007AB2D7 /* Release */,
			);
			defaultConfigurationIsVisible = 0;
			defaultConfigurationName = Release;
		};
/* End XCConfigurationList section */

/* Begin XCVersionGroup section */
		1BAC31AF29475065007AB2D7 /* Kiwi.xcdatamodeld */ = {
			isa = XCVersionGroup;
			children = (
				1BAC31B029475065007AB2D7 /* Kiwi.xcdatamodel */,
			);
			currentVersion = 1BAC31B029475065007AB2D7 /* Kiwi.xcdatamodel */;
			path = Kiwi.xcdatamodeld;
			sourceTree = "<group>";
			versionGroupType = wrapper.xcdatamodel;
		};
/* End XCVersionGroup section */
	};
	rootObject = 1BAC319929475063007AB2D7 /* Project object */;
}
